
Microsoft Visual Studio Solution File, Format Version 12.00
# Visual Studio 2013
VisualStudioVersion = 12.0.30723.0
MinimumVisualStudioVersion = 10.0.40219.1
Project("{FAE04EC0-301F-11D3-BF4B-00C04F79EFBC}") = "Northwind.Models", "Northwind.Models\Northwind.Models.csproj", "{513E2138-3840-4FAA-A00A-B49DAAB170C0}"
EndProject
Project("{FAE04EC0-301F-11D3-BF4B-00C04F79EFBC}") = "Northwind.Data", "Northwind.Data\Northwind.Data.csproj", "{E1EBDAE1-6E4C-4BF2-B898-EB680578A557}"
EndProject
Project("{FAE04EC0-301F-11D3-BF4B-00C04F79EFBC}") = "Northwind.Console", "Northwind.Console\Northwind.Console.csproj", "{6D61A539-AAFF-4C34-9F27-EA97D911C8D5}"
EndProject
Global
	GlobalSection(SolutionConfigurationPlatforms) = preSolution
		Debug|Any CPU = Debug|Any CPU
		Release|Any CPU = Release|Any CPU
	EndGlobalSection
	GlobalSection(ProjectConfigurationPlatforms) = postSolution
		{513E2138-3840-4FAA-A00A-B49DAAB170C0}.Debug|Any CPU.ActiveCfg = Debug|Any CPU
		{513E2138-3840-4FAA-A00A-B49DAAB170C0}.Debug|Any CPU.Build.0 = Debug|Any CPU
		{513E2138-3840-4FAA-A00A-B49DAAB170C0}.Release|Any CPU.ActiveCfg = Release|Any CPU
		{513E2138-3840-4FAA-A00A-B49DAAB170C0}.Release|Any CPU.Build.0 = Release|Any CPU
		{E1EBDAE1-6E4C-4BF2-B898-EB680578A557}.Debug|Any CPU.ActiveCfg = Debug|Any CPU
		{E1EBDAE1-6E4C-4BF2-B898-EB680578A557}.Debug|Any CPU.Build.0 = Debug|Any CPU
		{E1EBDAE1-6E4C-4BF2-B898-EB680578A557}.Release|Any CPU.ActiveCfg = Release|Any CPU
		{E1EBDAE1-6E4C-4BF2-B898-EB680578A557}.Release|Any CPU.Build.0 = Release|Any CPU
		{6D61A539-AAFF-4C34-9F27-EA97D911C8D5}.Debug|Any CPU.ActiveCfg = Debug|Any CPU
		{6D61A539-AAFF-4C34-9F27-EA97D911C8D5}.Debug|Any CPU.Build.0 = Debug|Any CPU
		{6D61A539-AAFF-4C34-9F27-EA97D911C8D5}.Release|Any CPU.ActiveCfg = Release|Any CPU
		{6D61A539-AAFF-4C34-9F27-EA97D911C8D5}.Release|Any CPU.Build.0 = Release|Any CPU
	EndGlobalSection
	GlobalSection(SolutionProperties) = preSolution
		HideSolutionNode = FALSE
	EndGlobalSection
EndGlobal
