
Microsoft Visual Studio Solution File, Format Version 12.00
# Visual Studio 2013
VisualStudioVersion = 12.0.30723.0
MinimumVisualStudioVersion = 10.0.40219.1
Project("{FAE04EC0-301F-11D3-BF4B-00C04F79EFBC}") = "StudentSystem.Models", "StudentSystem.Models\StudentSystem.Models.csproj", "{AD5FE88B-B1CE-4403-9A38-26D1B91AC42A}"
EndProject
Project("{FAE04EC0-301F-11D3-BF4B-00C04F79EFBC}") = "StudentSystem.Data", "StudentSystem.Data\StudentSystem.Data.csproj", "{B6E96278-2804-4615-9394-F7B519A5EE25}"
EndProject
Project("{FAE04EC0-301F-11D3-BF4B-00C04F79EFBC}") = "StudentSystem.Web", "StudentSystem.Web\StudentSystem.Web.csproj", "{0843CF62-8FEC-43D8-9D9C-F70336465E93}"
EndProject
Global
	GlobalSection(SolutionConfigurationPlatforms) = preSolution
		Debug|Any CPU = Debug|Any CPU
		Release|Any CPU = Release|Any CPU
	EndGlobalSection
	GlobalSection(ProjectConfigurationPlatforms) = postSolution
		{AD5FE88B-B1CE-4403-9A38-26D1B91AC42A}.Debug|Any CPU.ActiveCfg = Debug|Any CPU
		{AD5FE88B-B1CE-4403-9A38-26D1B91AC42A}.Debug|Any CPU.Build.0 = Debug|Any CPU
		{AD5FE88B-B1CE-4403-9A38-26D1B91AC42A}.Release|Any CPU.ActiveCfg = Release|Any CPU
		{AD5FE88B-B1CE-4403-9A38-26D1B91AC42A}.Release|Any CPU.Build.0 = Release|Any CPU
		{B6E96278-2804-4615-9394-F7B519A5EE25}.Debug|Any CPU.ActiveCfg = Debug|Any CPU
		{B6E96278-2804-4615-9394-F7B519A5EE25}.Debug|Any CPU.Build.0 = Debug|Any CPU
		{B6E96278-2804-4615-9394-F7B519A5EE25}.Release|Any CPU.ActiveCfg = Release|Any CPU
		{B6E96278-2804-4615-9394-F7B519A5EE25}.Release|Any CPU.Build.0 = Release|Any CPU
		{0843CF62-8FEC-43D8-9D9C-F70336465E93}.Debug|Any CPU.ActiveCfg = Debug|Any CPU
		{0843CF62-8FEC-43D8-9D9C-F70336465E93}.Debug|Any CPU.Build.0 = Debug|Any CPU
		{0843CF62-8FEC-43D8-9D9C-F70336465E93}.Release|Any CPU.ActiveCfg = Release|Any CPU
		{0843CF62-8FEC-43D8-9D9C-F70336465E93}.Release|Any CPU.Build.0 = Release|Any CPU
	EndGlobalSection
	GlobalSection(SolutionProperties) = preSolution
		HideSolutionNode = FALSE
	EndGlobalSection
EndGlobal
