
Microsoft Visual Studio Solution File, Format Version 12.00
# Visual Studio 2012
Project("{FAE04EC0-301F-11D3-BF4B-00C04F79EFBC}") = "Point_3D", "Point_3D\Point_3D.csproj", "{DED98290-C350-4C78-8227-524622AD43D8}"
EndProject
Project("{FAE04EC0-301F-11D3-BF4B-00C04F79EFBC}") = "GenericList", "GenericList\GenericList.csproj", "{2C083085-6E56-4D9C-A1FC-4EBD4436F99F}"
EndProject
Project("{FAE04EC0-301F-11D3-BF4B-00C04F79EFBC}") = "Matrix", "Matrix\Matrix.csproj", "{9CCEB188-704F-42ED-A044-0D532C73A5D1}"
EndProject
Project("{FAE04EC0-301F-11D3-BF4B-00C04F79EFBC}") = "Attribute", "Attribute\Attribute.csproj", "{65310EFF-00A2-4D2A-B291-7074FD74A4C6}"
EndProject
Global
	GlobalSection(SolutionConfigurationPlatforms) = preSolution
		Debug|Any CPU = Debug|Any CPU
		Release|Any CPU = Release|Any CPU
	EndGlobalSection
	GlobalSection(ProjectConfigurationPlatforms) = postSolution
		{DED98290-C350-4C78-8227-524622AD43D8}.Debug|Any CPU.ActiveCfg = Debug|Any CPU
		{DED98290-C350-4C78-8227-524622AD43D8}.Debug|Any CPU.Build.0 = Debug|Any CPU
		{DED98290-C350-4C78-8227-524622AD43D8}.Release|Any CPU.ActiveCfg = Release|Any CPU
		{DED98290-C350-4C78-8227-524622AD43D8}.Release|Any CPU.Build.0 = Release|Any CPU
		{2C083085-6E56-4D9C-A1FC-4EBD4436F99F}.Debug|Any CPU.ActiveCfg = Debug|Any CPU
		{2C083085-6E56-4D9C-A1FC-4EBD4436F99F}.Debug|Any CPU.Build.0 = Debug|Any CPU
		{2C083085-6E56-4D9C-A1FC-4EBD4436F99F}.Release|Any CPU.ActiveCfg = Release|Any CPU
		{2C083085-6E56-4D9C-A1FC-4EBD4436F99F}.Release|Any CPU.Build.0 = Release|Any CPU
		{9CCEB188-704F-42ED-A044-0D532C73A5D1}.Debug|Any CPU.ActiveCfg = Debug|Any CPU
		{9CCEB188-704F-42ED-A044-0D532C73A5D1}.Debug|Any CPU.Build.0 = Debug|Any CPU
		{9CCEB188-704F-42ED-A044-0D532C73A5D1}.Release|Any CPU.ActiveCfg = Release|Any CPU
		{9CCEB188-704F-42ED-A044-0D532C73A5D1}.Release|Any CPU.Build.0 = Release|Any CPU
		{65310EFF-00A2-4D2A-B291-7074FD74A4C6}.Debug|Any CPU.ActiveCfg = Debug|Any CPU
		{65310EFF-00A2-4D2A-B291-7074FD74A4C6}.Debug|Any CPU.Build.0 = Debug|Any CPU
		{65310EFF-00A2-4D2A-B291-7074FD74A4C6}.Release|Any CPU.ActiveCfg = Release|Any CPU
		{65310EFF-00A2-4D2A-B291-7074FD74A4C6}.Release|Any CPU.Build.0 = Release|Any CPU
	EndGlobalSection
	GlobalSection(SolutionProperties) = preSolution
		HideSolutionNode = FALSE
	EndGlobalSection
EndGlobal
