
Microsoft Visual Studio Solution File, Format Version 12.00
# Visual Studio 2013
VisualStudioVersion = 12.0.21005.1
MinimumVisualStudioVersion = 10.0.40219.1
Project("{FAE04EC0-301F-11D3-BF4B-00C04F79EFBC}") = "Students", "Students\Students.csproj", "{E79149CC-AFD3-4F24-A493-901AF5B3B1FB}"
EndProject
Project("{FAE04EC0-301F-11D3-BF4B-00C04F79EFBC}") = "Orders", "Orders\Orders.csproj", "{7C612C82-A344-4F5B-B0EB-5AA8A9BAFB49}"
EndProject
Project("{FAE04EC0-301F-11D3-BF4B-00C04F79EFBC}") = "Laptops", "Laptops\Laptops.csproj", "{C2D6F41B-41C3-4953-B9CA-0FF89600D0FC}"
EndProject
Project("{FAE04EC0-301F-11D3-BF4B-00C04F79EFBC}") = "RegisterForm", "RegisterForm\RegisterForm.csproj", "{E9FFF815-6E38-46FE-B28C-54772F79619F}"
EndProject
Global
	GlobalSection(SolutionConfigurationPlatforms) = preSolution
		Debug|Any CPU = Debug|Any CPU
		Release|Any CPU = Release|Any CPU
	EndGlobalSection
	GlobalSection(ProjectConfigurationPlatforms) = postSolution
		{E79149CC-AFD3-4F24-A493-901AF5B3B1FB}.Debug|Any CPU.ActiveCfg = Debug|Any CPU
		{E79149CC-AFD3-4F24-A493-901AF5B3B1FB}.Debug|Any CPU.Build.0 = Debug|Any CPU
		{E79149CC-AFD3-4F24-A493-901AF5B3B1FB}.Release|Any CPU.ActiveCfg = Release|Any CPU
		{E79149CC-AFD3-4F24-A493-901AF5B3B1FB}.Release|Any CPU.Build.0 = Release|Any CPU
		{7C612C82-A344-4F5B-B0EB-5AA8A9BAFB49}.Debug|Any CPU.ActiveCfg = Debug|Any CPU
		{7C612C82-A344-4F5B-B0EB-5AA8A9BAFB49}.Debug|Any CPU.Build.0 = Debug|Any CPU
		{7C612C82-A344-4F5B-B0EB-5AA8A9BAFB49}.Release|Any CPU.ActiveCfg = Release|Any CPU
		{7C612C82-A344-4F5B-B0EB-5AA8A9BAFB49}.Release|Any CPU.Build.0 = Release|Any CPU
		{C2D6F41B-41C3-4953-B9CA-0FF89600D0FC}.Debug|Any CPU.ActiveCfg = Debug|Any CPU
		{C2D6F41B-41C3-4953-B9CA-0FF89600D0FC}.Debug|Any CPU.Build.0 = Debug|Any CPU
		{C2D6F41B-41C3-4953-B9CA-0FF89600D0FC}.Release|Any CPU.ActiveCfg = Release|Any CPU
		{C2D6F41B-41C3-4953-B9CA-0FF89600D0FC}.Release|Any CPU.Build.0 = Release|Any CPU
		{E9FFF815-6E38-46FE-B28C-54772F79619F}.Debug|Any CPU.ActiveCfg = Debug|Any CPU
		{E9FFF815-6E38-46FE-B28C-54772F79619F}.Debug|Any CPU.Build.0 = Debug|Any CPU
		{E9FFF815-6E38-46FE-B28C-54772F79619F}.Release|Any CPU.ActiveCfg = Release|Any CPU
		{E9FFF815-6E38-46FE-B28C-54772F79619F}.Release|Any CPU.Build.0 = Release|Any CPU
	EndGlobalSection
	GlobalSection(SolutionProperties) = preSolution
		HideSolutionNode = FALSE
	EndGlobalSection
EndGlobal
