
Microsoft Visual Studio Solution File, Format Version 12.00
# Visual Studio 2013
VisualStudioVersion = 12.0.30501.0
MinimumVisualStudioVersion = 10.0.40219.1
Project("{FAE04EC0-301F-11D3-BF4B-00C04F79EFBC}") = "1.Sizes", "1.Sizes\1.Sizes.csproj", "{1E8DD026-44C8-42C5-B837-7F169C43CE7C}"
EndProject
Project("{FAE04EC0-301F-11D3-BF4B-00C04F79EFBC}") = "2.Statistics", "2.Statistics\2.Statistics.csproj", "{0385EF72-249A-4BA2-9457-5F3821E08193}"
EndProject
Global
	GlobalSection(SolutionConfigurationPlatforms) = preSolution
		Debug|Any CPU = Debug|Any CPU
		Release|Any CPU = Release|Any CPU
	EndGlobalSection
	GlobalSection(ProjectConfigurationPlatforms) = postSolution
		{1E8DD026-44C8-42C5-B837-7F169C43CE7C}.Debug|Any CPU.ActiveCfg = Debug|Any CPU
		{1E8DD026-44C8-42C5-B837-7F169C43CE7C}.Debug|Any CPU.Build.0 = Debug|Any CPU
		{1E8DD026-44C8-42C5-B837-7F169C43CE7C}.Release|Any CPU.ActiveCfg = Release|Any CPU
		{1E8DD026-44C8-42C5-B837-7F169C43CE7C}.Release|Any CPU.Build.0 = Release|Any CPU
		{0385EF72-249A-4BA2-9457-5F3821E08193}.Debug|Any CPU.ActiveCfg = Debug|Any CPU
		{0385EF72-249A-4BA2-9457-5F3821E08193}.Debug|Any CPU.Build.0 = Debug|Any CPU
		{0385EF72-249A-4BA2-9457-5F3821E08193}.Release|Any CPU.ActiveCfg = Release|Any CPU
		{0385EF72-249A-4BA2-9457-5F3821E08193}.Release|Any CPU.Build.0 = Release|Any CPU
	EndGlobalSection
	GlobalSection(SolutionProperties) = preSolution
		HideSolutionNode = FALSE
	EndGlobalSection
EndGlobal
