
Microsoft Visual Studio Solution File, Format Version 12.00
# Visual Studio 2013
VisualStudioVersion = 12.0.30501.0
MinimumVisualStudioVersion = 10.0.40219.1
Project("{FAE04EC0-301F-11D3-BF4B-00C04F79EFBC}") = "1.Cooking", "1.Cooking\1.Cooking.csproj", "{58772568-0EA4-4E3D-A2ED-AB496BB68430}"
EndProject
Project("{FAE04EC0-301F-11D3-BF4B-00C04F79EFBC}") = "3.Loops", "3.Loops\3.Loops.csproj", "{4E3B8137-5FE1-4739-BBB3-E621039F73C4}"
EndProject
Global
	GlobalSection(SolutionConfigurationPlatforms) = preSolution
		Debug|Any CPU = Debug|Any CPU
		Release|Any CPU = Release|Any CPU
	EndGlobalSection
	GlobalSection(ProjectConfigurationPlatforms) = postSolution
		{58772568-0EA4-4E3D-A2ED-AB496BB68430}.Debug|Any CPU.ActiveCfg = Debug|Any CPU
		{58772568-0EA4-4E3D-A2ED-AB496BB68430}.Debug|Any CPU.Build.0 = Debug|Any CPU
		{58772568-0EA4-4E3D-A2ED-AB496BB68430}.Release|Any CPU.ActiveCfg = Release|Any CPU
		{58772568-0EA4-4E3D-A2ED-AB496BB68430}.Release|Any CPU.Build.0 = Release|Any CPU
		{4E3B8137-5FE1-4739-BBB3-E621039F73C4}.Debug|Any CPU.ActiveCfg = Debug|Any CPU
		{4E3B8137-5FE1-4739-BBB3-E621039F73C4}.Debug|Any CPU.Build.0 = Debug|Any CPU
		{4E3B8137-5FE1-4739-BBB3-E621039F73C4}.Release|Any CPU.ActiveCfg = Release|Any CPU
		{4E3B8137-5FE1-4739-BBB3-E621039F73C4}.Release|Any CPU.Build.0 = Release|Any CPU
	EndGlobalSection
	GlobalSection(SolutionProperties) = preSolution
		HideSolutionNode = FALSE
	EndGlobalSection
EndGlobal
